{
  "name": "@sikora00/rxjs-overlay",
  "version": "2.1.4",
  "lockfileVersion": 1,
  "requires": true,
  "dependencies": {
    "@types/node": {
      "version": "14.10.3",
      "resolved": "https://registry.npmjs.org/@types/node/-/node-14.10.3.tgz",
      "integrity": "sha512-zdN0hor7TLkjAdKTnYW+Y22oIhUUpil5ZD1V1OFq0CR0CLKw+NdR6dkziTfkWRLo6sKzisayoj/GNpNbe4LY9Q==",
      "dev": true
    },
    "typescript": {
      "version": "3.5.3",
      "resolved": "https://registry.npmjs.org/typescript/-/typescript-3.5.3.tgz",
      "integrity": "sha512-ACzBtm/PhXBDId6a6sDJfroT2pOWt/oOnk4/dElG5G33ZL776N3Y6/6bKZJBFpd+b05F3Ct9qDjMeJmRWtE2/g==",
      "dev": true
    }
  }
}
