{
  "name": "@sikora00/rxjs-overlay",
  "version": "2.1.4",
  "lockfileVersion": 1,
  "requires": true,
  "dependencies": {
    "@types/node": {
      "version": "16.3.1",
      "resolved": "https://registry.npmjs.org/@types/node/-/node-16.3.1.tgz",
      "integrity": "sha512-N87VuQi7HEeRJkhzovao/JviiqKjDKMVKxKMfUvSKw+MbkbW8R0nA3fi/MQhhlxV2fQ+2ReM+/Nt4efdrJx3zA==",
      "dev": true
    },
    "typescript": {
      "version": "3.5.3",
      "resolved": "https://registry.npmjs.org/typescript/-/typescript-3.5.3.tgz",
      "integrity": "sha512-ACzBtm/PhXBDId6a6sDJfroT2pOWt/oOnk4/dElG5G33ZL776N3Y6/6bKZJBFpd+b05F3Ct9qDjMeJmRWtE2/g==",
      "dev": true
    }
  }
}
